
Microsoft Visual Studio Solution File, Format Version 12.00
# Visual Studio Version 16
VisualStudioVersion = 16.0.31424.327
MinimumVisualStudioVersion = 10.0.40219.1
Project("{FAE04EC0-301F-11D3-BF4B-00C04F79EFBC}") = "AlunosApi", "AlunosApi.csproj", "{D7743FF9-390B-48E9-890A-998350EC3408}"
EndProject
Global
	GlobalSection(SolutionConfigurationPlatforms) = preSolution
		Debug|Any CPU = Debug|Any CPU
		Release|Any CPU = Release|Any CPU
	EndGlobalSection
	GlobalSection(ProjectConfigurationPlatforms) = postSolution
		{D7743FF9-390B-48E9-890A-998350EC3408}.Debug|Any CPU.ActiveCfg = Debug|Any CPU
		{D7743FF9-390B-48E9-890A-998350EC3408}.Debug|Any CPU.Build.0 = Debug|Any CPU
		{D7743FF9-390B-48E9-890A-998350EC3408}.Release|Any CPU.ActiveCfg = Release|Any CPU
		{D7743FF9-390B-48E9-890A-998350EC3408}.Release|Any CPU.Build.0 = Release|Any CPU
	EndGlobalSection
	GlobalSection(SolutionProperties) = preSolution
		HideSolutionNode = FALSE
	EndGlobalSection
	GlobalSection(ExtensibilityGlobals) = postSolution
		SolutionGuid = {32D10A19-C6F4-4C7B-AE0B-E33555FF2D9A}
	EndGlobalSection
EndGlobal
